{
	"name": "@rbxts/flipper",
	"version": "1.2.1",
	"lockfileVersion": 1,
	"requires": true,
	"dependencies": {
		"@rbxts/compiler-types": {
			"version": "1.0.0-beta.4.0",
			"resolved": "https://registry.npmjs.org/@rbxts/compiler-types/-/compiler-types-1.0.0-beta.4.0.tgz",
			"integrity": "sha512-vanFGfZGo03d+z31jixC18N/yGjUNuGYR503YaoYMM3NLEwnKeFVxIbUBhp+aJq+gcXQUO7/0NgzoeTB9ypFwg==",
			"dev": true
		},
		"@rbxts/types": {
			"version": "1.0.428",
			"resolved": "https://registry.npmjs.org/@rbxts/types/-/types-1.0.428.tgz",
			"integrity": "sha512-uOQgBgdrmPaMiAgvoDJZGjMgqb/V9D4aSH3HTuQqVSHyFIb+RjgIWo90F/ZiM4qrJehbdxQuFoQje68rNTcopQ==",
			"dev": true,
			"requires": {
				"@rbxts/compiler-types": "*"
			}
		}
	}
}
