# THIS IS AN AUTOGENERATED FILE. DO NOT EDIT THIS FILE DIRECTLY.
# yarn lockfile v1


"@rbxts/types@^1.0.390":
  version "1.0.390"
  resolved "https://registry.yarnpkg.com/@rbxts/types/-/types-1.0.390.tgz#fe6d795b60e3981f2d60e774571e1ea5339f669f"
  integrity sha512-xvEbZTIXBSo9uPXKJNT45y86vBIVr7cRFfV0cmmp5SESrl7thTTUrjA/DaPP/yC/O0P24TWPDHwHfAhUtwBBZg==
